
Microsoft Visual Studio Solution File, Format Version 12.00
# Visual Studio Version 16
VisualStudioVersion = 16.0.31729.503
MinimumVisualStudioVersion = 10.0.40219.1
Project("{FAE04EC0-301F-11D3-BF4B-00C04F79EFBC}") = "Facil", "Facil\Facil.csproj", "{0E743EB8-D2A9-4473-B6B3-255455E1FBB5}"
EndProject
Global
	GlobalSection(SolutionConfigurationPlatforms) = preSolution
		Debug|Any CPU = Debug|Any CPU
		Release|Any CPU = Release|Any CPU
	EndGlobalSection
	GlobalSection(ProjectConfigurationPlatforms) = postSolution
		{0E743EB8-D2A9-4473-B6B3-255455E1FBB5}.Debug|Any CPU.ActiveCfg = Debug|Any CPU
		{0E743EB8-D2A9-4473-B6B3-255455E1FBB5}.Debug|Any CPU.Build.0 = Debug|Any CPU
		{0E743EB8-D2A9-4473-B6B3-255455E1FBB5}.Release|Any CPU.ActiveCfg = Release|Any CPU
		{0E743EB8-D2A9-4473-B6B3-255455E1FBB5}.Release|Any CPU.Build.0 = Release|Any CPU
	EndGlobalSection
	GlobalSection(SolutionProperties) = preSolution
		HideSolutionNode = FALSE
	EndGlobalSection
	GlobalSection(ExtensibilityGlobals) = postSolution
		SolutionGuid = {773DA619-C09F-47DB-93B4-73AD510836DF}
	EndGlobalSection
EndGlobal
